
Microsoft Visual Studio Solution File, Format Version 12.00
# Visual Studio Version 17
VisualStudioVersion = 17.14.36310.24 d17.14
MinimumVisualStudioVersion = 10.0.40219.1
Project("{FAE04EC0-301F-11D3-BF4B-00C04F79EFBC}") = "Pointers", "Pointers\Pointers.csproj", "{4814D089-F576-420C-8CA5-5FF49FA50952}"
EndProject
Global
	GlobalSection(SolutionConfigurationPlatforms) = preSolution
		Debug|Any CPU = Debug|Any CPU
		Release|Any CPU = Release|Any CPU
	EndGlobalSection
	GlobalSection(ProjectConfigurationPlatforms) = postSolution
		{4814D089-F576-420C-8CA5-5FF49FA50952}.Debug|Any CPU.ActiveCfg = Debug|Any CPU
		{4814D089-F576-420C-8CA5-5FF49FA50952}.Debug|Any CPU.Build.0 = Debug|Any CPU
		{4814D089-F576-420C-8CA5-5FF49FA50952}.Release|Any CPU.ActiveCfg = Release|Any CPU
		{4814D089-F576-420C-8CA5-5FF49FA50952}.Release|Any CPU.Build.0 = Release|Any CPU
	EndGlobalSection
	GlobalSection(SolutionProperties) = preSolution
		HideSolutionNode = FALSE
	EndGlobalSection
	GlobalSection(ExtensibilityGlobals) = postSolution
		SolutionGuid = {C12D6090-F3F5-4B06-8F56-4823B40558E0}
	EndGlobalSection
EndGlobal
